
Microsoft Visual Studio Solution File, Format Version 12.00
# Visual Studio Version 16
VisualStudioVersion = 16.0.30517.126
MinimumVisualStudioVersion = 10.0.40219.1
Project("{FAE04EC0-301F-11D3-BF4B-00C04F79EFBC}") = "Spiel 1", "Spiel 1.csproj", "{BEE343FB-8A08-440C-A189-A2D4B3084F06}"
EndProject
Global
	GlobalSection(SolutionConfigurationPlatforms) = preSolution
		Debug|Any CPU = Debug|Any CPU
		Release|Any CPU = Release|Any CPU
	EndGlobalSection
	GlobalSection(ProjectConfigurationPlatforms) = postSolution
		{BEE343FB-8A08-440C-A189-A2D4B3084F06}.Debug|Any CPU.ActiveCfg = Debug|Any CPU
		{BEE343FB-8A08-440C-A189-A2D4B3084F06}.Debug|Any CPU.Build.0 = Debug|Any CPU
		{BEE343FB-8A08-440C-A189-A2D4B3084F06}.Release|Any CPU.ActiveCfg = Release|Any CPU
		{BEE343FB-8A08-440C-A189-A2D4B3084F06}.Release|Any CPU.Build.0 = Release|Any CPU
	EndGlobalSection
	GlobalSection(SolutionProperties) = preSolution
		HideSolutionNode = FALSE
	EndGlobalSection
	GlobalSection(ExtensibilityGlobals) = postSolution
		SolutionGuid = {0CCA7235-E06A-4A80-A33B-9A7D0A34B39D}
	EndGlobalSection
EndGlobal
